
Microsoft Visual Studio Solution File, Format Version 12.00
# Visual Studio Version 16
VisualStudioVersion = 16.0.29806.167
MinimumVisualStudioVersion = 10.0.40219.1
Project("{9A19103F-16F7-4668-BE54-9A1E7A4F7556}") = "reCAPTCHA.AspNetCore", "reCAPTCHA.AspNetCore\reCAPTCHA.AspNetCore.csproj", "{E777B650-E63C-4B58-94A1-892C830CA383}"
EndProject
Project("{9A19103F-16F7-4668-BE54-9A1E7A4F7556}") = "reCAPTCHA.AspNetCore.Example", "reCAPTCHA.AspNetCore.Example\reCAPTCHA.AspNetCore.Example.csproj", "{FC3B8908-367B-4220-83B8-8E826AC26AA2}"
EndProject
Project("{FAE04EC0-301F-11D3-BF4B-00C04F79EFBC}") = "reCAPTCHA.AspNetCore.Tests", "reCAPTCHA.AspNetCore.Tests\reCAPTCHA.AspNetCore.Tests.csproj", "{6A03454A-6319-4B70-832B-B7BCDA818E5F}"
EndProject
Global
	GlobalSection(SolutionConfigurationPlatforms) = preSolution
		Debug|Any CPU = Debug|Any CPU
		Release|Any CPU = Release|Any CPU
	EndGlobalSection
	GlobalSection(ProjectConfigurationPlatforms) = postSolution
		{E777B650-E63C-4B58-94A1-892C830CA383}.Debug|Any CPU.ActiveCfg = Debug|Any CPU
		{E777B650-E63C-4B58-94A1-892C830CA383}.Debug|Any CPU.Build.0 = Debug|Any CPU
		{E777B650-E63C-4B58-94A1-892C830CA383}.Release|Any CPU.ActiveCfg = Release|Any CPU
		{E777B650-E63C-4B58-94A1-892C830CA383}.Release|Any CPU.Build.0 = Release|Any CPU
		{FC3B8908-367B-4220-83B8-8E826AC26AA2}.Debug|Any CPU.ActiveCfg = Debug|Any CPU
		{FC3B8908-367B-4220-83B8-8E826AC26AA2}.Debug|Any CPU.Build.0 = Debug|Any CPU
		{FC3B8908-367B-4220-83B8-8E826AC26AA2}.Release|Any CPU.ActiveCfg = Release|Any CPU
		{FC3B8908-367B-4220-83B8-8E826AC26AA2}.Release|Any CPU.Build.0 = Release|Any CPU
		{6A03454A-6319-4B70-832B-B7BCDA818E5F}.Debug|Any CPU.ActiveCfg = Debug|Any CPU
		{6A03454A-6319-4B70-832B-B7BCDA818E5F}.Debug|Any CPU.Build.0 = Debug|Any CPU
		{6A03454A-6319-4B70-832B-B7BCDA818E5F}.Release|Any CPU.ActiveCfg = Release|Any CPU
		{6A03454A-6319-4B70-832B-B7BCDA818E5F}.Release|Any CPU.Build.0 = Release|Any CPU
	EndGlobalSection
	GlobalSection(SolutionProperties) = preSolution
		HideSolutionNode = FALSE
	EndGlobalSection
	GlobalSection(ExtensibilityGlobals) = postSolution
		SolutionGuid = {BDAB2622-8862-42A6-9708-8A3B08382468}
	EndGlobalSection
EndGlobal
